
Microsoft Visual Studio Solution File, Format Version 12.00
# Visual Studio Version 16
VisualStudioVersion = 16.0.29519.181
MinimumVisualStudioVersion = 10.0.40219.1
Project("{FAE04EC0-301F-11D3-BF4B-00C04F79EFBC}") = "TbPeopleList", "TbPeopleList\TbPeopleList.csproj", "{17FC881B-5164-426A-B30E-15EC77F25898}"
EndProject
Global
	GlobalSection(SolutionConfigurationPlatforms) = preSolution
		Debug|Any CPU = Debug|Any CPU
		Release|Any CPU = Release|Any CPU
	EndGlobalSection
	GlobalSection(ProjectConfigurationPlatforms) = postSolution
		{17FC881B-5164-426A-B30E-15EC77F25898}.Debug|Any CPU.ActiveCfg = Debug|Any CPU
		{17FC881B-5164-426A-B30E-15EC77F25898}.Debug|Any CPU.Build.0 = Debug|Any CPU
		{17FC881B-5164-426A-B30E-15EC77F25898}.Release|Any CPU.ActiveCfg = Release|Any CPU
		{17FC881B-5164-426A-B30E-15EC77F25898}.Release|Any CPU.Build.0 = Release|Any CPU
	EndGlobalSection
	GlobalSection(SolutionProperties) = preSolution
		HideSolutionNode = FALSE
	EndGlobalSection
	GlobalSection(ExtensibilityGlobals) = postSolution
		SolutionGuid = {DAAD2CD8-EEB9-4B7C-8BCC-4B0E933F56EC}
	EndGlobalSection
EndGlobal
